
Microsoft Visual Studio Solution File, Format Version 12.00
# Visual Studio Version 17
VisualStudioVersion = 17.14.36908.2
MinimumVisualStudioVersion = 10.0.40219.1
Project("{FAE04EC0-301F-11D3-BF4B-00C04F79EFBC}") = "LabelzoomDotnetSdk", "src\LabelzoomDotnetSdk\LabelzoomDotnetSdk.csproj", "{9B07C6E5-7665-46C0-B098-17747AB1BA09}"
EndProject
Project("{FAE04EC0-301F-11D3-BF4B-00C04F79EFBC}") = "LabelzoomDotnetSdk.Tests", "tests\LabelzoomDotnetSdk.Tests\LabelzoomDotnetSdk.Tests.csproj", "{53AA1E18-B35F-46DE-A0D5-5D3AC1153FFE}"
EndProject
Global
	GlobalSection(SolutionConfigurationPlatforms) = preSolution
		Debug|Any CPU = Debug|Any CPU
		Release|Any CPU = Release|Any CPU
	EndGlobalSection
	GlobalSection(ProjectConfigurationPlatforms) = postSolution
		{9B07C6E5-7665-46C0-B098-17747AB1BA09}.Debug|Any CPU.ActiveCfg = Debug|Any CPU
		{9B07C6E5-7665-46C0-B098-17747AB1BA09}.Debug|Any CPU.Build.0 = Debug|Any CPU
		{9B07C6E5-7665-46C0-B098-17747AB1BA09}.Release|Any CPU.ActiveCfg = Release|Any CPU
		{9B07C6E5-7665-46C0-B098-17747AB1BA09}.Release|Any CPU.Build.0 = Release|Any CPU
		{53AA1E18-B35F-46DE-A0D5-5D3AC1153FFE}.Debug|Any CPU.ActiveCfg = Debug|Any CPU
		{53AA1E18-B35F-46DE-A0D5-5D3AC1153FFE}.Debug|Any CPU.Build.0 = Debug|Any CPU
		{53AA1E18-B35F-46DE-A0D5-5D3AC1153FFE}.Release|Any CPU.ActiveCfg = Release|Any CPU
		{53AA1E18-B35F-46DE-A0D5-5D3AC1153FFE}.Release|Any CPU.Build.0 = Release|Any CPU
	EndGlobalSection
	GlobalSection(SolutionProperties) = preSolution
		HideSolutionNode = FALSE
	EndGlobalSection
	GlobalSection(ExtensibilityGlobals) = postSolution
		SolutionGuid = {05E33597-7090-46CE-8C08-DFFE6C1C9FCF}
	EndGlobalSection
EndGlobal
